// !$*UTF8*$!
{
	archiveVersion = 1;
	classes = {
	};
	objectVersion = 56;
	objects = {

/* Begin PBXBuildFile section */
		19E7C8B529C1EAD800AB7163 /* WhoWasThatAgainApp.swift in Sources */ = {isa = PBXBuildFile; fileRef = 19E7C8B429C1EAD800AB7163 /* WhoWasThatAgainApp.swift */; };
		19E7C8B729C1EAD800AB7163 /* ContentView.swift in Sources */ = {isa = PBXBuildFile; fileRef = 19E7C8B629C1EAD800AB7163 /* ContentView.swift */; };
		19E7C8B929C1EADA00AB7163 /* Assets.xcassets in Resources */ = {isa = PBXBuildFile; fileRef = 19E7C8B829C1EADA00AB7163 /* Assets.xcassets */; };
		19E7C8BC29C1EADA00AB7163 /* Preview Assets.xcassets in Resources */ = {isa = PBXBuildFile; fileRef = 19E7C8BB29C1EADA00AB7163 /* Preview Assets.xcassets */; };
		19E7C8C329C1EB2000AB7163 /* ContentView-ViewModel.swift in Sources */ = {isa = PBXBuildFile; fileRef = 19E7C8C229C1EB2000AB7163 /* ContentView-ViewModel.swift */; };
		19E7C8C529C1EB3800AB7163 /* DetailView.swift in Sources */ = {isa = PBXBuildFile; fileRef = 19E7C8C429C1EB3800AB7163 /* DetailView.swift */; };
		19E7C8C729C1EB4F00AB7163 /* DetailView-ViewModel.swift in Sources */ = {isa = PBXBuildFile; fileRef = 19E7C8C629C1EB4F00AB7163 /* DetailView-ViewModel.swift */; };
		19E7C8C929C1F52A00AB7163 /* Person.swift in Sources */ = {isa = PBXBuildFile; fileRef = 19E7C8C829C1F52A00AB7163 /* Person.swift */; };
		19E7C8CD29C201A600AB7163 /* ImageSaver.swift in Sources */ = {isa = PBXBuildFile; fileRef = 19E7C8CC29C201A600AB7163 /* ImageSaver.swift */; };
		19E7C8CF29C201E100AB7163 /* ImagePicker.swift in Sources */ = {isa = PBXBuildFile; fileRef = 19E7C8CE29C201E100AB7163 /* ImagePicker.swift */; };
/* End PBXBuildFile section */

/* Begin PBXFileReference section */
		19E7C8B129C1EAD800AB7163 /* WhoWasThatAgain.app */ = {isa = PBXFileReference; explicitFileType = wrapper.application; includeInIndex = 0; path = WhoWasThatAgain.app; sourceTree = BUILT_PRODUCTS_DIR; };
		19E7C8B429C1EAD800AB7163 /* WhoWasThatAgainApp.swift */ = {isa = PBXFileReference; lastKnownFileType = sourcecode.swift; path = WhoWasThatAgainApp.swift; sourceTree = "<group>"; };
		19E7C8B629C1EAD800AB7163 /* ContentView.swift */ = {isa = PBXFileReference; lastKnownFileType = sourcecode.swift; path = ContentView.swift; sourceTree = "<group>"; };
		19E7C8B829C1EADA00AB7163 /* Assets.xcassets */ = {isa = PBXFileReference; lastKnownFileType = folder.assetcatalog; path = Assets.xcassets; sourceTree = "<group>"; };
		19E7C8BB29C1EADA00AB7163 /* Preview Assets.xcassets */ = {isa = PBXFileReference; lastKnownFileType = folder.assetcatalog; path = "Preview Assets.xcassets"; sourceTree = "<group>"; };
		19E7C8C229C1EB2000AB7163 /* ContentView-ViewModel.swift */ = {isa = PBXFileReference; lastKnownFileType = sourcecode.swift; path = "ContentView-ViewModel.swift"; sourceTree = "<group>"; };
		19E7C8C429C1EB3800AB7163 /* DetailView.swift */ = {isa = PBXFileReference; lastKnownFileType = sourcecode.swift; path = DetailView.swift; sourceTree = "<group>"; };
		19E7C8C629C1EB4F00AB7163 /* DetailView-ViewModel.swift */ = {isa = PBXFileReference; lastKnownFileType = sourcecode.swift; path = "DetailView-ViewModel.swift"; sourceTree = "<group>"; };
		19E7C8C829C1F52A00AB7163 /* Person.swift */ = {isa = PBXFileReference; lastKnownFileType = sourcecode.swift; path = Person.swift; sourceTree = "<group>"; };
		19E7C8CC29C201A600AB7163 /* ImageSaver.swift */ = {isa = PBXFileReference; lastKnownFileType = sourcecode.swift; path = ImageSaver.swift; sourceTree = "<group>"; };
		19E7C8CE29C201E100AB7163 /* ImagePicker.swift */ = {isa = PBXFileReference; lastKnownFileType = sourcecode.swift; path = ImagePicker.swift; sourceTree = "<group>"; };
/* End PBXFileReference section */

/* Begin PBXFrameworksBuildPhase section */
		19E7C8AE29C1EAD800AB7163 /* Frameworks */ = {
			isa = PBXFrameworksBuildPhase;
			buildActionMask = 2147483647;
			files = (
			);
			runOnlyForDeploymentPostprocessing = 0;
		};
/* End PBXFrameworksBuildPhase section */

/* Begin PBXGroup section */
		19E7C8A829C1EAD800AB7163 = {
			isa = PBXGroup;
			children = (
				19E7C8B329C1EAD800AB7163 /* WhoWasThatAgain */,
				19E7C8B229C1EAD800AB7163 /* Products */,
			);
			sourceTree = "<group>";
		};
		19E7C8B229C1EAD800AB7163 /* Products */ = {
			isa = PBXGroup;
			children = (
				19E7C8B129C1EAD800AB7163 /* WhoWasThatAgain.app */,
			);
			name = Products;
			sourceTree = "<group>";
		};
		19E7C8B329C1EAD800AB7163 /* WhoWasThatAgain */ = {
			isa = PBXGroup;
			children = (
				19E7C8B429C1EAD800AB7163 /* WhoWasThatAgainApp.swift */,
				19E7C8B629C1EAD800AB7163 /* ContentView.swift */,
				19E7C8C229C1EB2000AB7163 /* ContentView-ViewModel.swift */,
				19E7C8C429C1EB3800AB7163 /* DetailView.swift */,
				19E7C8C629C1EB4F00AB7163 /* DetailView-ViewModel.swift */,
				19E7C8C829C1F52A00AB7163 /* Person.swift */,
				19E7C8CE29C201E100AB7163 /* ImagePicker.swift */,
				19E7C8CC29C201A600AB7163 /* ImageSaver.swift */,
				19E7C8B829C1EADA00AB7163 /* Assets.xcassets */,
				19E7C8BA29C1EADA00AB7163 /* Preview Content */,
			);
			path = WhoWasThatAgain;
			sourceTree = "<group>";
		};
		19E7C8BA29C1EADA00AB7163 /* Preview Content */ = {
			isa = PBXGroup;
			children = (
				19E7C8BB29C1EADA00AB7163 /* Preview Assets.xcassets */,
			);
			path = "Preview Content";
			sourceTree = "<group>";
		};
/* End PBXGroup section */

/* Begin PBXNativeTarget section */
		19E7C8B029C1EAD800AB7163 /* WhoWasThatAgain */ = {
			isa = PBXNativeTarget;
			buildConfigurationList = 19E7C8BF29C1EADA00AB7163 /* Build configuration list for PBXNativeTarget "WhoWasThatAgain" */;
			buildPhases = (
				19E7C8AD29C1EAD800AB7163 /* Sources */,
				19E7C8AE29C1EAD800AB7163 /* Frameworks */,
				19E7C8AF29C1EAD800AB7163 /* Resources */,
			);
			buildRules = (
			);
			dependencies = (
			);
			name = WhoWasThatAgain;
			productName = WhoWasThatAgain;
			productReference = 19E7C8B129C1EAD800AB7163 /* WhoWasThatAgain.app */;
			productType = "com.apple.product-type.application";
		};
/* End PBXNativeTarget section */

/* Begin PBXProject section */
		19E7C8A929C1EAD800AB7163 /* Project object */ = {
			isa = PBXProject;
			attributes = {
				BuildIndependentTargetsInParallel = 1;
				LastSwiftUpdateCheck = 1420;
				LastUpgradeCheck = 1420;
				TargetAttributes = {
					19E7C8B029C1EAD800AB7163 = {
						CreatedOnToolsVersion = 14.2;
					};
				};
			};
			buildConfigurationList = 19E7C8AC29C1EAD800AB7163 /* Build configuration list for PBXProject "WhoWasThatAgain" */;
			compatibilityVersion = "Xcode 14.0";
			developmentRegion = en;
			hasScannedForEncodings = 0;
			knownRegions = (
				en,
				Base,
			);
			mainGroup = 19E7C8A829C1EAD800AB7163;
			productRefGroup = 19E7C8B229C1EAD800AB7163 /* Products */;
			projectDirPath = "";
			projectRoot = "";
			targets = (
				19E7C8B029C1EAD800AB7163 /* WhoWasThatAgain */,
			);
		};
/* End PBXProject section */

/* Begin PBXResourcesBuildPhase section */
		19E7C8AF29C1EAD800AB7163 /* Resources */ = {
			isa = PBXResourcesBuildPhase;
			buildActionMask = 2147483647;
			files = (
				19E7C8BC29C1EADA00AB7163 /* Preview Assets.xcassets in Resources */,
				19E7C8B929C1EADA00AB7163 /* Assets.xcassets in Resources */,
			);
			runOnlyForDeploymentPostprocessing = 0;
		};
/* End PBXResourcesBuildPhase section */

/* Begin PBXSourcesBuildPhase section */
		19E7C8AD29C1EAD800AB7163 /* Sources */ = {
			isa = PBXSourcesBuildPhase;
			buildActionMask = 2147483647;
			files = (
				19E7C8C929C1F52A00AB7163 /* Person.swift in Sources */,
				19E7C8B729C1EAD800AB7163 /* ContentView.swift in Sources */,
				19E7C8C729C1EB4F00AB7163 /* DetailView-ViewModel.swift in Sources */,
				19E7C8CD29C201A600AB7163 /* ImageSaver.swift in Sources */,
				19E7C8C529C1EB3800AB7163 /* DetailView.swift in Sources */,
				19E7C8CF29C201E100AB7163 /* ImagePicker.swift in Sources */,
				19E7C8C329C1EB2000AB7163 /* ContentView-ViewModel.swift in Sources */,
				19E7C8B529C1EAD800AB7163 /* WhoWasThatAgainApp.swift in Sources */,
			);
			runOnlyForDeploymentPostprocessing = 0;
		};
/* End PBXSourcesBuildPhase section */

/* Begin XCBuildConfiguration section */
		19E7C8BD29C1EADA00AB7163 /* Debug */ = {
			isa = XCBuildConfiguration;
			buildSettings = {
				ALWAYS_SEARCH_USER_PATHS = NO;
				CLANG_ANALYZER_NONNULL = YES;
				CLANG_ANALYZER_NUMBER_OBJECT_CONVERSION = YES_AGGRESSIVE;
				CLANG_CXX_LANGUAGE_STANDARD = "gnu++20";
				CLANG_ENABLE_MODULES = YES;
				CLANG_ENABLE_OBJC_ARC = YES;
				CLANG_ENABLE_OBJC_WEAK = YES;
				CLANG_WARN_BLOCK_CAPTURE_AUTORELEASING = YES;
				CLANG_WARN_BOOL_CONVERSION = YES;
				CLANG_WARN_COMMA = YES;
				CLANG_WARN_CONSTANT_CONVERSION = YES;
				CLANG_WARN_DEPRECATED_OBJC_IMPLEMENTATIONS = YES;
				CLANG_WARN_DIRECT_OBJC_ISA_USAGE = YES_ERROR;
				CLANG_WARN_DOCUMENTATION_COMMENTS = YES;
				CLANG_WARN_EMPTY_BODY = YES;
				CLANG_WARN_ENUM_CONVERSION = YES;
				CLANG_WARN_INFINITE_RECURSION = YES;
				CLANG_WARN_INT_CONVERSION = YES;
				CLANG_WARN_NON_LITERAL_NULL_CONVERSION = YES;
				CLANG_WARN_OBJC_IMPLICIT_RETAIN_SELF = YES;
				CLANG_WARN_OBJC_LITERAL_CONVERSION = YES;
				CLANG_WARN_OBJC_ROOT_CLASS = YES_ERROR;
				CLANG_WARN_QUOTED_INCLUDE_IN_FRAMEWORK_HEADER = YES;
				CLANG_WARN_RANGE_LOOP_ANALYSIS = YES;
				CLANG_WARN_STRICT_PROTOTYPES = YES;
				CLANG_WARN_SUSPICIOUS_MOVE = YES;
				CLANG_WARN_UNGUARDED_AVAILABILITY = YES_AGGRESSIVE;
				CLANG_WARN_UNREACHABLE_CODE = YES;
				CLANG_WARN__DUPLICATE_METHOD_MATCH = YES;
				COPY_PHASE_STRIP = NO;
				DEBUG_INFORMATION_FORMAT = dwarf;
				ENABLE_STRICT_OBJC_MSGSEND = YES;
				ENABLE_TESTABILITY = YES;
				GCC_C_LANGUAGE_STANDARD = gnu11;
				GCC_DYNAMIC_NO_PIC = NO;
				GCC_NO_COMMON_BLOCKS = YES;
				GCC_OPTIMIZATION_LEVEL = 0;
				GCC_PREPROCESSOR_DEFINITIONS = (
					"DEBUG=1",
					"$(inherited)",
				);
				GCC_WARN_64_TO_32_BIT_CONVERSION = YES;
				GCC_WARN_ABOUT_RETURN_TYPE = YES_ERROR;
				GCC_WARN_UNDECLARED_SELECTOR = YES;
				GCC_WARN_UNINITIALIZED_AUTOS = YES_AGGRESSIVE;
				GCC_WARN_UNUSED_FUNCTION = YES;
				GCC_WARN_UNUSED_VARIABLE = YES;
				IPHONEOS_DEPLOYMENT_TARGET = 16.2;
				MTL_ENABLE_DEBUG_INFO = INCLUDE_SOURCE;
				MTL_FAST_MATH = YES;
				ONLY_ACTIVE_ARCH = YES;
				SDKROOT = iphoneos;
				SWIFT_ACTIVE_COMPILATION_CONDITIONS = DEBUG;
				SWIFT_OPTIMIZATION_LEVEL = "-Onone";
			};
			name = Debug;
		};
		19E7C8BE29C1EADA00AB7163 /* Release */ = {
			isa = XCBuildConfiguration;
			buildSettings = {
				ALWAYS_SEARCH_USER_PATHS = NO;
				CLANG_ANALYZER_NONNULL = YES;
				CLANG_ANALYZER_NUMBER_OBJECT_CONVERSION = YES_AGGRESSIVE;
				CLANG_CXX_LANGUAGE_STANDARD = "gnu++20";
				CLANG_ENABLE_MODULES = YES;
				CLANG_ENABLE_OBJC_ARC = YES;
				CLANG_ENABLE_OBJC_WEAK = YES;
				CLANG_WARN_BLOCK_CAPTURE_AUTORELEASING = YES;
				CLANG_WARN_BOOL_CONVERSION = YES;
				CLANG_WARN_COMMA = YES;
				CLANG_WARN_CONSTANT_CONVERSION = YES;
				CLANG_WARN_DEPRECATED_OBJC_IMPLEMENTATIONS = YES;
				CLANG_WARN_DIRECT_OBJC_ISA_USAGE = YES_ERROR;
				CLANG_WARN_DOCUMENTATION_COMMENTS = YES;
				CLANG_WARN_EMPTY_BODY = YES;
				CLANG_WARN_ENUM_CONVERSION = YES;
				CLANG_WARN_INFINITE_RECURSION = YES;
				CLANG_WARN_INT_CONVERSION = YES;
				CLANG_WARN_NON_LITERAL_NULL_CONVERSION = YES;
				CLANG_WARN_OBJC_IMPLICIT_RETAIN_SELF = YES;
				CLANG_WARN_OBJC_LITERAL_CONVERSION = YES;
				CLANG_WARN_OBJC_ROOT_CLASS = YES_ERROR;
				CLANG_WARN_QUOTED_INCLUDE_IN_FRAMEWORK_HEADER = YES;
				CLANG_WARN_RANGE_LOOP_ANALYSIS = YES;
				CLANG_WARN_STRICT_PROTOTYPES = YES;
				CLANG_WARN_SUSPICIOUS_MOVE = YES;
				CLANG_WARN_UNGUARDED_AVAILABILITY = YES_AGGRESSIVE;
				CLANG_WARN_UNREACHABLE_CODE = YES;
				CLANG_WARN__DUPLICATE_METHOD_MATCH = YES;
				COPY_PHASE_STRIP = NO;
				DEBUG_INFORMATION_FORMAT = "dwarf-with-dsym";
				ENABLE_NS_ASSERTIONS = NO;
				ENABLE_STRICT_OBJC_MSGSEND = YES;
				GCC_C_LANGUAGE_STANDARD = gnu11;
				GCC_NO_COMMON_BLOCKS = YES;
				GCC_WARN_64_TO_32_BIT_CONVERSION = YES;
				GCC_WARN_ABOUT_RETURN_TYPE = YES_ERROR;
				GCC_WARN_UNDECLARED_SELECTOR = YES;
				GCC_WARN_UNINITIALIZED_AUTOS = YES_AGGRESSIVE;
				GCC_WARN_UNUSED_FUNCTION = YES;
				GCC_WARN_UNUSED_VARIABLE = YES;
				IPHONEOS_DEPLOYMENT_TARGET = 16.2;
				MTL_ENABLE_DEBUG_INFO = NO;
				MTL_FAST_MATH = YES;
				SDKROOT = iphoneos;
				SWIFT_COMPILATION_MODE = wholemodule;
				SWIFT_OPTIMIZATION_LEVEL = "-O";
				VALIDATE_PRODUCT = YES;
			};
			name = Release;
		};
		19E7C8C029C1EADA00AB7163 /* Debug */ = {
			isa = XCBuildConfiguration;
			buildSettings = {
				ASSETCATALOG_COMPILER_APPICON_NAME = AppIcon;
				ASSETCATALOG_COMPILER_GLOBAL_ACCENT_COLOR_NAME = AccentColor;
				CODE_SIGN_STYLE = Automatic;
				CURRENT_PROJECT_VERSION = 1;
				DEVELOPMENT_ASSET_PATHS = "\"WhoWasThatAgain/Preview Content\"";
				ENABLE_PREVIEWS = YES;
				GENERATE_INFOPLIST_FILE = YES;
				INFOPLIST_KEY_UIApplicationSceneManifest_Generation = YES;
				INFOPLIST_KEY_UIApplicationSupportsIndirectInputEvents = YES;
				INFOPLIST_KEY_UILaunchScreen_Generation = YES;
				INFOPLIST_KEY_UISupportedInterfaceOrientations_iPad = "UIInterfaceOrientationPortrait UIInterfaceOrientationPortraitUpsideDown UIInterfaceOrientationLandscapeLeft UIInterfaceOrientationLandscapeRight";
				INFOPLIST_KEY_UISupportedInterfaceOrientations_iPhone = "UIInterfaceOrientationPortrait UIInterfaceOrientationLandscapeLeft UIInterfaceOrientationLandscapeRight";
				LD_RUNPATH_SEARCH_PATHS = (
					"$(inherited)",
					"@executable_path/Frameworks",
				);
				MARKETING_VERSION = 1.0;
				PRODUCT_BUNDLE_IDENTIFIER = com.zbornak.WhoWasThatAgain;
				PRODUCT_NAME = "$(TARGET_NAME)";
				SWIFT_EMIT_LOC_STRINGS = YES;
				SWIFT_VERSION = 5.0;
				TARGETED_DEVICE_FAMILY = "1,2";
			};
			name = Debug;
		};
		19E7C8C129C1EADA00AB7163 /* Release */ = {
			isa = XCBuildConfiguration;
			buildSettings = {
				ASSETCATALOG_COMPILER_APPICON_NAME = AppIcon;
				ASSETCATALOG_COMPILER_GLOBAL_ACCENT_COLOR_NAME = AccentColor;
				CODE_SIGN_STYLE = Automatic;
				CURRENT_PROJECT_VERSION = 1;
				DEVELOPMENT_ASSET_PATHS = "\"WhoWasThatAgain/Preview Content\"";
				ENABLE_PREVIEWS = YES;
				GENERATE_INFOPLIST_FILE = YES;
				INFOPLIST_KEY_UIApplicationSceneManifest_Generation = YES;
				INFOPLIST_KEY_UIApplicationSupportsIndirectInputEvents = YES;
				INFOPLIST_KEY_UILaunchScreen_Generation = YES;
				INFOPLIST_KEY_UISupportedInterfaceOrientations_iPad = "UIInterfaceOrientationPortrait UIInterfaceOrientationPortraitUpsideDown UIInterfaceOrientationLandscapeLeft UIInterfaceOrientationLandscapeRight";
				INFOPLIST_KEY_UISupportedInterfaceOrientations_iPhone = "UIInterfaceOrientationPortrait UIInterfaceOrientationLandscapeLeft UIInterfaceOrientationLandscapeRight";
				LD_RUNPATH_SEARCH_PATHS = (
					"$(inherited)",
					"@executable_path/Frameworks",
				);
				MARKETING_VERSION = 1.0;
				PRODUCT_BUNDLE_IDENTIFIER = com.zbornak.WhoWasThatAgain;
				PRODUCT_NAME = "$(TARGET_NAME)";
				SWIFT_EMIT_LOC_STRINGS = YES;
				SWIFT_VERSION = 5.0;
				TARGETED_DEVICE_FAMILY = "1,2";
			};
			name = Release;
		};
/* End XCBuildConfiguration section */

/* Begin XCConfigurationList section */
		19E7C8AC29C1EAD800AB7163 /* Build configuration list for PBXProject "WhoWasThatAgain" */ = {
			isa = XCConfigurationList;
			buildConfigurations = (
				19E7C8BD29C1EADA00AB7163 /* Debug */,
				19E7C8BE29C1EADA00AB7163 /* Release */,
			);
			defaultConfigurationIsVisible = 0;
			defaultConfigurationName = Release;
		};
		19E7C8BF29C1EADA00AB7163 /* Build configuration list for PBXNativeTarget "WhoWasThatAgain" */ = {
			isa = XCConfigurationList;
			buildConfigurations = (
				19E7C8C029C1EADA00AB7163 /* Debug */,
				19E7C8C129C1EADA00AB7163 /* Release */,
			);
			defaultConfigurationIsVisible = 0;
			defaultConfigurationName = Release;
		};
/* End XCConfigurationList section */
	};
	rootObject = 19E7C8A929C1EAD800AB7163 /* Project object */;
}
